lockfileVersion: '9.0'

settings:
  autoInstallPeers: true
  excludeLinksFromLockfile: false

importers:

  .:
    dependencies:
      '@deepseek-ai/schemastery':
        specifier: ^3.18.1
        version: 3.18.1
      '@kiwifruit/dsh-context-pro':
        specifier: ^0.2.0
        version: 0.2.0(@deepseek-ai/cordis@4.0.1)(@deepseek-ai/dsh-agent@0.1.0-rc.6(bab8a495055b54ee3062cdf0e99a6478))(@deepseek-ai/dsh-llm@0.0.1-rc.1(@deepseek-ai/cordis@4.0.1)(@deepseek-ai/dsh-attachment@0.0.1-rc.1(@deepseek-ai/cordis@4.0.1)(@deepseek-ai/dsh-brand@0.0.1-rc.1(@deepseek-ai/cordis@4.0.1)))(@deepseek-ai/dsh-brand@0.0.1-rc.1(@deepseek-ai/cordis@4.0.1))(@deepseek-ai/dsh-timeout@0.0.1-rc.1(@deepseek-ai/cordis@4.0.1)))
    devDependencies:
      '@deepseek-ai/cordis':
        specifier: ^4.0.1
        version: 4.0.1
      '@deepseek-ai/dsh-agent':
        specifier: ^0.1.0-rc.6
        version: 0.1.0-rc.6(bab8a495055b54ee3062cdf0e99a6478)
      '@deepseek-ai/dsh-llm':
        specifier: ^0.0.1-rc.1
        version: 0.0.1-rc.1(@deepseek-ai/cordis@4.0.1)(@deepseek-ai/dsh-attachment@0.0.1-rc.1(@deepseek-ai/cordis@4.0.1)(@deepseek-ai/dsh-brand@0.0.1-rc.1(@deepseek-ai/cordis@4.0.1)))(@deepseek-ai/dsh-brand@0.0.1-rc.1(@deepseek-ai/cordis@4.0.1))(@deepseek-ai/dsh-timeout@0.0.1-rc.1(@deepseek-ai/cordis@4.0.1))
      typescript:
        specifier: ^5.7.0
        version: 5.9.3
      zod-to-openapi:
        specifier: ^0.2.1
        version: 0.2.1(zod@3.5.4)

packages:

  '@deepseek-ai/cordis@4.0.1':
    resolution: {integrity: sha512-YBdskTU2Po1kru3GgcUWUbkTsPMA9LkSQDAY8rBkFJeajdgcQad3QPJZE26JyK99Xb6HaASvoXg2DSUTeN/0Nw==}
    hasBin: true
    peerDependencies:
      '@deepseek-ai/cordis-plugin-include': ^1.0.6
      '@deepseek-ai/cordis-plugin-loader': ^1.0.2
    peerDependenciesMeta:
      '@deepseek-ai/cordis-plugin-include':
        optional: true
      '@deepseek-ai/cordis-plugin-loader':
        optional: true

  '@deepseek-ai/cosmokit@1.8.2':
    resolution: {integrity: sha512-muBOKtSrUKU5m/xpq8ZXWL6hQ/jgd4PhU2PqH97bcxIiLEJfNwZOGQEx4t/aS/GgxRAR+ra9pMHPMtTHU4sqqA==}

  '@deepseek-ai/dsh-agent@0.1.0-rc.6':
    resolution: {integrity: sha512-vtqq2pWTrzn0dKfj5kREZRpP82AwtGjGx9V1lYnKvF+Uc/a8zyWbSvjDE7V1d3YQAQJzs2cWO31hURWDekDXIA==}
    peerDependencies:
      '@deepseek-ai/cordis': ^4.0.1
      '@deepseek-ai/dsh-invariants': ^0.1.0-rc.6
      '@deepseek-ai/dsh-llm': ^0.1.0-rc.6
      '@deepseek-ai/dsh-scope': ^0.1.0-rc.6
      '@deepseek-ai/dsh-session': ^0.1.0-rc.6
      '@deepseek-ai/dsh-system-prompt': ^0.1.0-rc.6
      '@deepseek-ai/dsh-typert-protocol': ^0.1.0-rc.6

  '@deepseek-ai/dsh-attachment@0.0.1-rc.1':
    resolution: {integrity: sha512-zBBw6h+YKOf7U8uEZezbFUjLsA8VU1GfCIUonAZHG2hWDWhWbrGaoO9fL8KyncEDSWMLMoIoGo+ZxDEPVJZYOA==}
    peerDependencies:
      '@deepseek-ai/cordis': ^4.0.1-rc.1
      '@deepseek-ai/dsh-brand': ^0.0.1-rc.1
      '@deepseek-ai/dsh-invariants': ^0.0.1-rc.1

  '@deepseek-ai/dsh-brand@0.0.1-rc.1':
    resolution: {integrity: sha512-XhwNAugG/baCVA+BMMvjihYi9XMLcDUew3G63i+ATWIZCvpx8CghbgcV93DEeMH2sqhNuQAssmHgXkpRld3gyQ==}
    peerDependencies:
      '@deepseek-ai/cordis': ^4.0.1-rc.1
      '@deepseek-ai/dsh-invariants': ^0.0.1-rc.1

  '@deepseek-ai/dsh-llm@0.0.1-rc.1':
    resolution: {integrity: sha512-mRJj07IQNfRReGrhpMpL8AONiYKqfwzxvepg/ut9Wkj8oH2BuoftPS4cMnnXFFCUlYql04/sezwDLriYks/bmw==}
    peerDependencies:
      '@deepseek-ai/cordis': ^4.0.1-rc.1
      '@deepseek-ai/dsh-attachment': ^0.0.1-rc.1
      '@deepseek-ai/dsh-brand': ^0.0.1-rc.1
      '@deepseek-ai/dsh-invariants': ^0.0.1-rc.1
      '@deepseek-ai/dsh-timeout': ^0.0.1-rc.1

  '@deepseek-ai/dsh-scope@0.1.0-rc.6':
    resolution: {integrity: sha512-UlDLV4syLoJinNg9imhXrSAHrdaTa5Ff8gg46rzjFJGPUOhAk3DZff0hryT5OhrBi0A5Tj92qVpg2pRVvxnUzQ==}
    peerDependencies:
      '@deepseek-ai/cordis': ^4.0.1
      '@deepseek-ai/dsh-invariants': ^0.1.0-rc.6

  '@deepseek-ai/dsh-session@0.1.0-rc.6':
    resolution: {integrity: sha512-8tu8I6VWC7050GAUXWhcEWQw4pakALQc8TlhKr52m7Y4+kIKeNt3FBgP86PaGPBtpK0p5zUPRQNkFpzZbBdxyw==}
    peerDependencies:
      '@deepseek-ai/cordis': ^4.0.1
      '@deepseek-ai/dsh-brand': ^0.1.0-rc.6
      '@deepseek-ai/dsh-invariants': ^0.1.0-rc.6
      '@deepseek-ai/dsh-llm': ^0.1.0-rc.6
      '@deepseek-ai/dsh-scope': ^0.1.0-rc.6
      '@deepseek-ai/dsh-typert-protocol': ^0.1.0-rc.6

  '@deepseek-ai/dsh-system-prompt@0.1.0-rc.6':
    resolution: {integrity: sha512-E7g+XChh4q4/wX++v56z1pV4SA1Rtz42xkznLPPi9FlXrrzJxwHMOUzBZ9Rz3Y1kLhQ++HJG3ZatmNx3rjFilg==}
    peerDependencies:
      '@deepseek-ai/cordis': ^4.0.1
      '@deepseek-ai/dsh-invariants': ^0.1.0-rc.6
      '@deepseek-ai/dsh-llm': ^0.1.0-rc.6
      '@deepseek-ai/dsh-scope': ^0.1.0-rc.6

  '@deepseek-ai/dsh-timeout@0.0.1-rc.1':
    resolution: {integrity: sha512-lIMhY/JqA+eLpXXUN33xA7mlAYeHTDTWfcJ3CmEtplvGnvpDAHQ6oPeFs9JtWcfKbuNDZFMNutyhD0qoRkFQeg==}
    peerDependencies:
      '@deepseek-ai/cordis': ^4.0.1-rc.1
      '@deepseek-ai/dsh-invariants': ^0.0.1-rc.1

  '@deepseek-ai/dsh-typert-protocol@0.1.0-rc.6':
    resolution: {integrity: sha512-weWzN8r01YCkoDCAM7BsKw2YhRrD4zL8N2SAZu9hovYtXSq8xHXsP4Zh8RLYIlYcuotjyff/6hic+0TJPd14YA==}
    peerDependencies:
      '@deepseek-ai/cordis': ^4.0.1
      '@deepseek-ai/dsh-invariants': ^0.1.0-rc.6

  '@deepseek-ai/schemastery@3.18.1':
    resolution: {integrity: sha512-Qn0FCSwCQnpnj6SB31I6i2sIKgKWnkbJM8O0EU91Gv2UsYVvtZTl6IA0sCwk2e2MZf5S8w5hpq9QkeVvK9qwxg==}

  '@kiwifruit/dsh-context-pro@0.2.0':
    resolution: {integrity: sha512-ANYlhTooqGiworElJK5Jse3CGjJYzvoXWBghUzRgh2pBY8cm87UBKOpnjQsxCCwTBd+PShHZGMcZR/dyM7E2FQ==}
    peerDependencies:
      '@deepseek-ai/cordis': ^4.0.1
      '@deepseek-ai/dsh-agent': ^0.1.0-rc.6
      '@deepseek-ai/dsh-llm': ^0.0.1-rc.1

  '@standard-schema/spec@1.1.0':
    resolution: {integrity: sha512-l2aFy5jALhniG5HgqrD6jXLi/rUWrKvqN/qJx6yoJsgKhblVd+iqqU4RCXavm/jPityDo5TCvKMnpjKnOriy0w==}

  lodash@4.18.1:
    resolution: {integrity: sha512-dMInicTPVE8d1e5otfwmmjlxkZoUpiVLwyeTdUsi/Caj/gfzzblBcCE5sRHV/AsjuCmxWrte2TNGSYuCeCq+0Q==}

  openapi3-ts@2.0.2:
    resolution: {integrity: sha512-TxhYBMoqx9frXyOgnRHufjQfPXomTIHYKhSKJ6jHfj13kS8OEIhvmE8CTuQyKtjjWttAjX5DPxM1vmalEpo8Qw==}

  typescript@4.9.5:
    resolution: {integrity: sha512-1FXk9E2Hm+QzZQ7z+McJiHL4NW1F2EzMu9Nq9i3zAaGqibafqYwCVU6WyWAuyQRRzOlxou8xZSyXLEN8oKj24g==}
    engines: {node: '>=4.2.0'}
    hasBin: true

  typescript@5.9.3:
    resolution: {integrity: sha512-jl1vZzPDinLr9eUt3J/t7V6FgNEw9QjvBPdysz9KfQDD41fQrC2Y4vKQdiaUpFT4bXlb1RHhLpp8wtm6M5TgSw==}
    engines: {node: '>=14.17'}
    hasBin: true

  yaml@1.10.3:
    resolution: {integrity: sha512-vIYeF1u3CjlhAFekPPAk2h/Kv4T3mAkMox5OymRiJQB0spDP10LHvt+K7G9Ny6NuuMAb25/6n1qyUjAcGNf/AA==}
    engines: {node: '>= 6'}

  zod-to-openapi@0.2.1:
    resolution: {integrity: sha512-F+3aAYcWcboNYXCmu4qqiZA1Cwwgxp06VF4DOeGE7l4cWdyxSABNBH8QSRGbC4ajSKU1h/prF+yQh7bQkYGVpw==}
    deprecated: Package no longer supported. Contact Support at https://www.npmjs.com/support for more info.
    peerDependencies:
      zod: ~3.5.1

  zod@3.5.4:
    resolution: {integrity: sha512-geyY0HRwlY8ZFM8Ua5Bz9Wl26Zvm2aVRa4waOPsAQCPwzDzJVq3P/gvdHRYEKPusOrbFYvhk/G/dSCO6K53LGw==}

snapshots:

  '@deepseek-ai/cordis@4.0.1':
    dependencies:
      '@deepseek-ai/cosmokit': 1.8.2
      '@standard-schema/spec': 1.1.0

  '@deepseek-ai/cosmokit@1.8.2': {}

  '@deepseek-ai/dsh-agent@0.1.0-rc.6(bab8a495055b54ee3062cdf0e99a6478)':
    dependencies:
      '@deepseek-ai/cordis': 4.0.1
      '@deepseek-ai/dsh-llm': 0.0.1-rc.1(@deepseek-ai/cordis@4.0.1)(@deepseek-ai/dsh-attachment@0.0.1-rc.1(@deepseek-ai/cordis@4.0.1)(@deepseek-ai/dsh-brand@0.0.1-rc.1(@deepseek-ai/cordis@4.0.1)))(@deepseek-ai/dsh-brand@0.0.1-rc.1(@deepseek-ai/cordis@4.0.1))(@deepseek-ai/dsh-timeout@0.0.1-rc.1(@deepseek-ai/cordis@4.0.1))
      '@deepseek-ai/dsh-scope': 0.1.0-rc.6(@deepseek-ai/cordis@4.0.1)
      '@deepseek-ai/dsh-session': 0.1.0-rc.6(@deepseek-ai/cordis@4.0.1)(@deepseek-ai/dsh-brand@0.0.1-rc.1(@deepseek-ai/cordis@4.0.1))(@deepseek-ai/dsh-llm@0.0.1-rc.1(@deepseek-ai/cordis@4.0.1)(@deepseek-ai/dsh-attachment@0.0.1-rc.1(@deepseek-ai/cordis@4.0.1)(@deepseek-ai/dsh-brand@0.0.1-rc.1(@deepseek-ai/cordis@4.0.1)))(@deepseek-ai/dsh-brand@0.0.1-rc.1(@deepseek-ai/cordis@4.0.1))(@deepseek-ai/dsh-timeout@0.0.1-rc.1(@deepseek-ai/cordis@4.0.1)))(@deepseek-ai/dsh-scope@0.1.0-rc.6(@deepseek-ai/cordis@4.0.1))(@deepseek-ai/dsh-typert-protocol@0.1.0-rc.6(@deepseek-ai/cordis@4.0.1))
      '@deepseek-ai/dsh-system-prompt': 0.1.0-rc.6(@deepseek-ai/cordis@4.0.1)(@deepseek-ai/dsh-llm@0.0.1-rc.1(@deepseek-ai/cordis@4.0.1)(@deepseek-ai/dsh-attachment@0.0.1-rc.1(@deepseek-ai/cordis@4.0.1)(@deepseek-ai/dsh-brand@0.0.1-rc.1(@deepseek-ai/cordis@4.0.1)))(@deepseek-ai/dsh-brand@0.0.1-rc.1(@deepseek-ai/cordis@4.0.1))(@deepseek-ai/dsh-timeout@0.0.1-rc.1(@deepseek-ai/cordis@4.0.1)))(@deepseek-ai/dsh-scope@0.1.0-rc.6(@deepseek-ai/cordis@4.0.1))
      '@deepseek-ai/dsh-typert-protocol': 0.1.0-rc.6(@deepseek-ai/cordis@4.0.1)

  '@deepseek-ai/dsh-attachment@0.0.1-rc.1(@deepseek-ai/cordis@4.0.1)(@deepseek-ai/dsh-brand@0.0.1-rc.1(@deepseek-ai/cordis@4.0.1))':
    dependencies:
      '@deepseek-ai/cordis': 4.0.1
      '@deepseek-ai/dsh-brand': 0.0.1-rc.1(@deepseek-ai/cordis@4.0.1)

  '@deepseek-ai/dsh-brand@0.0.1-rc.1(@deepseek-ai/cordis@4.0.1)':
    dependencies:
      '@deepseek-ai/cordis': 4.0.1

  '@deepseek-ai/dsh-llm@0.0.1-rc.1(@deepseek-ai/cordis@4.0.1)(@deepseek-ai/dsh-attachment@0.0.1-rc.1(@deepseek-ai/cordis@4.0.1)(@deepseek-ai/dsh-brand@0.0.1-rc.1(@deepseek-ai/cordis@4.0.1)))(@deepseek-ai/dsh-brand@0.0.1-rc.1(@deepseek-ai/cordis@4.0.1))(@deepseek-ai/dsh-timeout@0.0.1-rc.1(@deepseek-ai/cordis@4.0.1))':
    dependencies:
      '@deepseek-ai/cordis': 4.0.1
      '@deepseek-ai/dsh-attachment': 0.0.1-rc.1(@deepseek-ai/cordis@4.0.1)(@deepseek-ai/dsh-brand@0.0.1-rc.1(@deepseek-ai/cordis@4.0.1))
      '@deepseek-ai/dsh-brand': 0.0.1-rc.1(@deepseek-ai/cordis@4.0.1)
      '@deepseek-ai/dsh-timeout': 0.0.1-rc.1(@deepseek-ai/cordis@4.0.1)
      '@deepseek-ai/schemastery': 3.18.1

  '@deepseek-ai/dsh-scope@0.1.0-rc.6(@deepseek-ai/cordis@4.0.1)':
    dependencies:
      '@deepseek-ai/cordis': 4.0.1

  '@deepseek-ai/dsh-session@0.1.0-rc.6(@deepseek-ai/cordis@4.0.1)(@deepseek-ai/dsh-brand@0.0.1-rc.1(@deepseek-ai/cordis@4.0.1))(@deepseek-ai/dsh-llm@0.0.1-rc.1(@deepseek-ai/cordis@4.0.1)(@deepseek-ai/dsh-attachment@0.0.1-rc.1(@deepseek-ai/cordis@4.0.1)(@deepseek-ai/dsh-brand@0.0.1-rc.1(@deepseek-ai/cordis@4.0.1)))(@deepseek-ai/dsh-brand@0.0.1-rc.1(@deepseek-ai/cordis@4.0.1))(@deepseek-ai/dsh-timeout@0.0.1-rc.1(@deepseek-ai/cordis@4.0.1)))(@deepseek-ai/dsh-scope@0.1.0-rc.6(@deepseek-ai/cordis@4.0.1))(@deepseek-ai/dsh-typert-protocol@0.1.0-rc.6(@deepseek-ai/cordis@4.0.1))':
    dependencies:
      '@deepseek-ai/cordis': 4.0.1
      '@deepseek-ai/dsh-brand': 0.0.1-rc.1(@deepseek-ai/cordis@4.0.1)
      '@deepseek-ai/dsh-llm': 0.0.1-rc.1(@deepseek-ai/cordis@4.0.1)(@deepseek-ai/dsh-attachment@0.0.1-rc.1(@deepseek-ai/cordis@4.0.1)(@deepseek-ai/dsh-brand@0.0.1-rc.1(@deepseek-ai/cordis@4.0.1)))(@deepseek-ai/dsh-brand@0.0.1-rc.1(@deepseek-ai/cordis@4.0.1))(@deepseek-ai/dsh-timeout@0.0.1-rc.1(@deepseek-ai/cordis@4.0.1))
      '@deepseek-ai/dsh-scope': 0.1.0-rc.6(@deepseek-ai/cordis@4.0.1)
      '@deepseek-ai/dsh-typert-protocol': 0.1.0-rc.6(@deepseek-ai/cordis@4.0.1)

  '@deepseek-ai/dsh-system-prompt@0.1.0-rc.6(@deepseek-ai/cordis@4.0.1)(@deepseek-ai/dsh-llm@0.0.1-rc.1(@deepseek-ai/cordis@4.0.1)(@deepseek-ai/dsh-attachment@0.0.1-rc.1(@deepseek-ai/cordis@4.0.1)(@deepseek-ai/dsh-brand@0.0.1-rc.1(@deepseek-ai/cordis@4.0.1)))(@deepseek-ai/dsh-brand@0.0.1-rc.1(@deepseek-ai/cordis@4.0.1))(@deepseek-ai/dsh-timeout@0.0.1-rc.1(@deepseek-ai/cordis@4.0.1)))(@deepseek-ai/dsh-scope@0.1.0-rc.6(@deepseek-ai/cordis@4.0.1))':
    dependencies:
      '@deepseek-ai/cordis': 4.0.1
      '@deepseek-ai/dsh-llm': 0.0.1-rc.1(@deepseek-ai/cordis@4.0.1)(@deepseek-ai/dsh-attachment@0.0.1-rc.1(@deepseek-ai/cordis@4.0.1)(@deepseek-ai/dsh-brand@0.0.1-rc.1(@deepseek-ai/cordis@4.0.1)))(@deepseek-ai/dsh-brand@0.0.1-rc.1(@deepseek-ai/cordis@4.0.1))(@deepseek-ai/dsh-timeout@0.0.1-rc.1(@deepseek-ai/cordis@4.0.1))
      '@deepseek-ai/dsh-scope': 0.1.0-rc.6(@deepseek-ai/cordis@4.0.1)
      '@deepseek-ai/schemastery': 3.18.1

  '@deepseek-ai/dsh-timeout@0.0.1-rc.1(@deepseek-ai/cordis@4.0.1)':
    dependencies:
      '@deepseek-ai/cordis': 4.0.1

  '@deepseek-ai/dsh-typert-protocol@0.1.0-rc.6(@deepseek-ai/cordis@4.0.1)':
    dependencies:
      '@deepseek-ai/cordis': 4.0.1

  '@deepseek-ai/schemastery@3.18.1':
    dependencies:
      '@deepseek-ai/cosmokit': 1.8.2
      '@standard-schema/spec': 1.1.0

  '@kiwifruit/dsh-context-pro@0.2.0(@deepseek-ai/cordis@4.0.1)(@deepseek-ai/dsh-agent@0.1.0-rc.6(bab8a495055b54ee3062cdf0e99a6478))(@deepseek-ai/dsh-llm@0.0.1-rc.1(@deepseek-ai/cordis@4.0.1)(@deepseek-ai/dsh-attachment@0.0.1-rc.1(@deepseek-ai/cordis@4.0.1)(@deepseek-ai/dsh-brand@0.0.1-rc.1(@deepseek-ai/cordis@4.0.1)))(@deepseek-ai/dsh-brand@0.0.1-rc.1(@deepseek-ai/cordis@4.0.1))(@deepseek-ai/dsh-timeout@0.0.1-rc.1(@deepseek-ai/cordis@4.0.1)))':
    dependencies:
      '@deepseek-ai/cordis': 4.0.1
      '@deepseek-ai/dsh-agent': 0.1.0-rc.6(bab8a495055b54ee3062cdf0e99a6478)
      '@deepseek-ai/dsh-llm': 0.0.1-rc.1(@deepseek-ai/cordis@4.0.1)(@deepseek-ai/dsh-attachment@0.0.1-rc.1(@deepseek-ai/cordis@4.0.1)(@deepseek-ai/dsh-brand@0.0.1-rc.1(@deepseek-ai/cordis@4.0.1)))(@deepseek-ai/dsh-brand@0.0.1-rc.1(@deepseek-ai/cordis@4.0.1))(@deepseek-ai/dsh-timeout@0.0.1-rc.1(@deepseek-ai/cordis@4.0.1))
      '@deepseek-ai/schemastery': 3.18.1

  '@standard-schema/spec@1.1.0': {}

  lodash@4.18.1: {}

  openapi3-ts@2.0.2:
    dependencies:
      yaml: 1.10.3

  typescript@4.9.5: {}

  typescript@5.9.3: {}

  yaml@1.10.3: {}

  zod-to-openapi@0.2.1(zod@3.5.4):
    dependencies:
      lodash: 4.18.1
      openapi3-ts: 2.0.2
      typescript: 4.9.5
      zod: 3.5.4

  zod@3.5.4: {}
